# This file is automatically @generated by Poetry 1.8.5 and should not be changed by hand.

[[package]]
name = "calculator"
version = "0.1.0"
description = "A simple calculator package with basic arithmetic operations"
optional = false
python-versions = "*"
files = []
develop = false

[package.source]
type = "git"
url = "https://github.com/tkc/poetry-package-sandbox.git"
reference = "HEAD"
resolved_reference = "73e0d7f08dec68a18eb831aff5c166266204b451"

[metadata]
lock-version = "2.0"
python-versions = "^3.11"
content-hash = "6744a02d59a51fff3433895d72a4cdc048b39247d52cf1fab97bcfbaea79354d"
